<?xml version="1.0" encoding="utf-8"?>
<Project ToolsVersion="4.0" xmlns="http://schemas.microsoft.com/developer/msbuild/2003">
  <ItemGroup>
    <ClInclude Include="include\neolib\base.hpp" />
    <ClInclude Include="include\neolib\math.hpp" />
    <ClInclude Include="include\neolib\angle.hpp" />
    <ClInclude Include="include\neolib\random.hpp" />
  </ItemGroup>
  <ItemGroup>
    <ClCompile Include="include\neolib\main.cpp" />
  </ItemGroup>
  <ItemGroup>
    <Filter Include="vector">
      <UniqueIdentifier>{7e2cfa42-072c-42f2-acae-5e037be9fbdd}</UniqueIdentifier>
    </Filter>
  </ItemGroup>
</Project>